
Microsoft Visual Studio Solution File, Format Version 12.00
# Visual Studio 15
Project("{FAE04EC0-301F-11D3-BF4B-00C04F79EFBC}") = "StringComparerApplicationTests", "StringComparerController.test\StringComparerApplicationTests.csproj", "{A1DBE96A-8B7D-45FC-95DB-8EE985913A92}"
EndProject
Project("{FAE04EC0-301F-11D3-BF4B-00C04F79EFBC}") = "StringComparerApplication", "StringComparerApplication\StringComparerApplication.csproj", "{5FD90CAA-A2D2-47FB-BDB2-C14C4ADDAA0E}"
EndProject
Global
	GlobalSection(SolutionConfigurationPlatforms) = preSolution
		Debug|Any CPU = Debug|Any CPU
		Release|Any CPU = Release|Any CPU
	EndGlobalSection
	GlobalSection(ProjectConfigurationPlatforms) = postSolution
		{A1DBE96A-8B7D-45FC-95DB-8EE985913A92}.Debug|Any CPU.ActiveCfg = Debug|Any CPU
		{A1DBE96A-8B7D-45FC-95DB-8EE985913A92}.Debug|Any CPU.Build.0 = Debug|Any CPU
		{A1DBE96A-8B7D-45FC-95DB-8EE985913A92}.Release|Any CPU.ActiveCfg = Release|Any CPU
		{A1DBE96A-8B7D-45FC-95DB-8EE985913A92}.Release|Any CPU.Build.0 = Release|Any CPU
		{5FD90CAA-A2D2-47FB-BDB2-C14C4ADDAA0E}.Debug|Any CPU.ActiveCfg = Debug|Any CPU
		{5FD90CAA-A2D2-47FB-BDB2-C14C4ADDAA0E}.Debug|Any CPU.Build.0 = Debug|Any CPU
		{5FD90CAA-A2D2-47FB-BDB2-C14C4ADDAA0E}.Release|Any CPU.ActiveCfg = Release|Any CPU
		{5FD90CAA-A2D2-47FB-BDB2-C14C4ADDAA0E}.Release|Any CPU.Build.0 = Release|Any CPU
	EndGlobalSection
	GlobalSection(MonoDevelopProperties) = preSolution
		Policies = $0
		$0.DotNetNamingPolicy = $1
		$1.DirectoryNamespaceAssociation = PrefixedHierarchical
		$0.VersionControlPolicy = $2
	EndGlobalSection
EndGlobal
